{
  "name": "inzynierka",
  "lockfileVersion": 2,
  "requires": true,
  "packages": {
    "": {
      "dependencies": {
        "@types/d3-interpolate": "^2.0.0",
        "curve-interpolator": "^2.0.8",
        "d3-interpolate": "^2.0.1"
      }
    },
    "node_modules/@types/d3-color": {
      "version": "2.0.1",
      "resolved": "https://registry.npmjs.org/@types/d3-color/-/d3-color-2.0.1.tgz",
      "integrity": "sha512-u7LTCL7RnaavFSmob2rIAJLNwu50i6gFwY9cHFr80BrQURYQBRkJ+Yv47nA3Fm7FeRhdWTiVTeqvSeOuMAOzBQ=="
    },
    "node_modules/@types/d3-interpolate": {
      "version": "2.0.0",
      "resolved": "https://registry.npmjs.org/@types/d3-interpolate/-/d3-interpolate-2.0.0.tgz",
      "integrity": "sha512-Wt1v2zTlEN8dSx8hhx6MoOhWQgTkz0Ukj7owAEIOF2QtI0e219paFX9rf/SLOr/UExWb1TcUzatU8zWwFby6gg==",
      "dependencies": {
        "@types/d3-color": "*"
      }
    },
    "node_modules/curve-interpolator": {
      "version": "2.0.8",
      "resolved": "https://registry.npmjs.org/curve-interpolator/-/curve-interpolator-2.0.8.tgz",
      "integrity": "sha512-2yzZLrzyysQe7BheosIOZqIsGGeQNYuZg9EBjem9V8VmKgEsiFrS7bN2+xd7CAeRLF8z+NlV5mq+Lo3bO2+tqA=="
    },
    "node_modules/d3-color": {
      "version": "2.0.0",
      "resolved": "https://registry.npmjs.org/d3-color/-/d3-color-2.0.0.tgz",
      "integrity": "sha512-SPXi0TSKPD4g9tw0NMZFnR95XVgUZiBH+uUTqQuDu1OsE2zomHU7ho0FISciaPvosimixwHFl3WHLGabv6dDgQ=="
    },
    "node_modules/d3-interpolate": {
      "version": "2.0.1",
      "resolved": "https://registry.npmjs.org/d3-interpolate/-/d3-interpolate-2.0.1.tgz",
      "integrity": "sha512-c5UhwwTs/yybcmTpAVqwSFl6vrQ8JZJoT5F7xNFK9pymv5C0Ymcc9/LIJHtYIggg/yS9YHw8i8O8tgb9pupjeQ==",
      "dependencies": {
        "d3-color": "1 - 2"
      }
    }
  },
  "dependencies": {
    "@types/d3-color": {
      "version": "2.0.1",
      "resolved": "https://registry.npmjs.org/@types/d3-color/-/d3-color-2.0.1.tgz",
      "integrity": "sha512-u7LTCL7RnaavFSmob2rIAJLNwu50i6gFwY9cHFr80BrQURYQBRkJ+Yv47nA3Fm7FeRhdWTiVTeqvSeOuMAOzBQ=="
    },
    "@types/d3-interpolate": {
      "version": "2.0.0",
      "resolved": "https://registry.npmjs.org/@types/d3-interpolate/-/d3-interpolate-2.0.0.tgz",
      "integrity": "sha512-Wt1v2zTlEN8dSx8hhx6MoOhWQgTkz0Ukj7owAEIOF2QtI0e219paFX9rf/SLOr/UExWb1TcUzatU8zWwFby6gg==",
      "requires": {
        "@types/d3-color": "*"
      }
    },
    "curve-interpolator": {
      "version": "2.0.8",
      "resolved": "https://registry.npmjs.org/curve-interpolator/-/curve-interpolator-2.0.8.tgz",
      "integrity": "sha512-2yzZLrzyysQe7BheosIOZqIsGGeQNYuZg9EBjem9V8VmKgEsiFrS7bN2+xd7CAeRLF8z+NlV5mq+Lo3bO2+tqA=="
    },
    "d3-color": {
      "version": "2.0.0",
      "resolved": "https://registry.npmjs.org/d3-color/-/d3-color-2.0.0.tgz",
      "integrity": "sha512-SPXi0TSKPD4g9tw0NMZFnR95XVgUZiBH+uUTqQuDu1OsE2zomHU7ho0FISciaPvosimixwHFl3WHLGabv6dDgQ=="
    },
    "d3-interpolate": {
      "version": "2.0.1",
      "resolved": "https://registry.npmjs.org/d3-interpolate/-/d3-interpolate-2.0.1.tgz",
      "integrity": "sha512-c5UhwwTs/yybcmTpAVqwSFl6vrQ8JZJoT5F7xNFK9pymv5C0Ymcc9/LIJHtYIggg/yS9YHw8i8O8tgb9pupjeQ==",
      "requires": {
        "d3-color": "1 - 2"
      }
    }
  }
}
